
Microsoft Visual Studio Solution File, Format Version 12.00
# Visual Studio Version 17
VisualStudioVersion = 17.0.31903.59
MinimumVisualStudioVersion = 10.0.40219.1
Project("{2150E333-8FDC-42A3-9474-1A3956D46DE8}") = "src", "src", "{AEB9A679-D028-424B-84C6-29A688EA31B7}"
EndProject
Project("{FAE04EC0-301F-11D3-BF4B-00C04F79EFBC}") = "FishingMartPos", "src\FishingMartPos\FishingMartPos.csproj", "{F1529C8D-DF82-403E-B303-A491E95C01B4}"
EndProject
Project("{2150E333-8FDC-42A3-9474-1A3956D46DE8}") = "tests", "tests", "{2F5B388F-66FD-46C0-967B-37C2BC6BAB46}"
EndProject
Project("{FAE04EC0-301F-11D3-BF4B-00C04F79EFBC}") = "FishingMartPos.Tests", "tests\FishingMartPos.Tests\FishingMartPos.Tests.csproj", "{FC6BCA94-4E88-4121-8E4C-8FE4FA1B552C}"
EndProject
Global
	GlobalSection(SolutionConfigurationPlatforms) = preSolution
		Debug|Any CPU = Debug|Any CPU
		Release|Any CPU = Release|Any CPU
	EndGlobalSection
	GlobalSection(SolutionProperties) = preSolution
		HideSolutionNode = FALSE
	EndGlobalSection
	GlobalSection(ProjectConfigurationPlatforms) = postSolution
		{F1529C8D-DF82-403E-B303-A491E95C01B4}.Debug|Any CPU.ActiveCfg = Debug|x86
		{F1529C8D-DF82-403E-B303-A491E95C01B4}.Debug|Any CPU.Build.0 = Debug|x86
		{F1529C8D-DF82-403E-B303-A491E95C01B4}.Release|Any CPU.ActiveCfg = Release|x86
		{F1529C8D-DF82-403E-B303-A491E95C01B4}.Release|Any CPU.Build.0 = Release|x86
		{FC6BCA94-4E88-4121-8E4C-8FE4FA1B552C}.Debug|Any CPU.ActiveCfg = Debug|Any CPU
		{FC6BCA94-4E88-4121-8E4C-8FE4FA1B552C}.Debug|Any CPU.Build.0 = Debug|Any CPU
		{FC6BCA94-4E88-4121-8E4C-8FE4FA1B552C}.Release|Any CPU.ActiveCfg = Release|Any CPU
		{FC6BCA94-4E88-4121-8E4C-8FE4FA1B552C}.Release|Any CPU.Build.0 = Release|Any CPU
	EndGlobalSection
	GlobalSection(NestedProjects) = preSolution
		{F1529C8D-DF82-403E-B303-A491E95C01B4} = {AEB9A679-D028-424B-84C6-29A688EA31B7}
		{FC6BCA94-4E88-4121-8E4C-8FE4FA1B552C} = {2F5B388F-66FD-46C0-967B-37C2BC6BAB46}
	EndGlobalSection
EndGlobal
